
Microsoft Visual Studio Solution File, Format Version 12.00
# Visual Studio Version 16
VisualStudioVersion = 16.0.31205.134
MinimumVisualStudioVersion = 10.0.40219.1
Project("{FAE04EC0-301F-11D3-BF4B-00C04F79EFBC}") = "Task01", "Task01\Task01.csproj", "{8EAB6634-FF22-4BE8-BB20-706380F70F83}"
EndProject
Project("{FAE04EC0-301F-11D3-BF4B-00C04F79EFBC}") = "Task2", "Task2\Task2.csproj", "{4A870356-472B-4AB1-A3D2-5FF9BAA38C14}"
EndProject
Global
	GlobalSection(SolutionConfigurationPlatforms) = preSolution
		Debug|Any CPU = Debug|Any CPU
		Release|Any CPU = Release|Any CPU
	EndGlobalSection
	GlobalSection(ProjectConfigurationPlatforms) = postSolution
		{8EAB6634-FF22-4BE8-BB20-706380F70F83}.Debug|Any CPU.ActiveCfg = Debug|Any CPU
		{8EAB6634-FF22-4BE8-BB20-706380F70F83}.Debug|Any CPU.Build.0 = Debug|Any CPU
		{8EAB6634-FF22-4BE8-BB20-706380F70F83}.Release|Any CPU.ActiveCfg = Release|Any CPU
		{8EAB6634-FF22-4BE8-BB20-706380F70F83}.Release|Any CPU.Build.0 = Release|Any CPU
		{4A870356-472B-4AB1-A3D2-5FF9BAA38C14}.Debug|Any CPU.ActiveCfg = Debug|Any CPU
		{4A870356-472B-4AB1-A3D2-5FF9BAA38C14}.Debug|Any CPU.Build.0 = Debug|Any CPU
		{4A870356-472B-4AB1-A3D2-5FF9BAA38C14}.Release|Any CPU.ActiveCfg = Release|Any CPU
		{4A870356-472B-4AB1-A3D2-5FF9BAA38C14}.Release|Any CPU.Build.0 = Release|Any CPU
	EndGlobalSection
	GlobalSection(SolutionProperties) = preSolution
		HideSolutionNode = FALSE
	EndGlobalSection
	GlobalSection(ExtensibilityGlobals) = postSolution
		SolutionGuid = {F4844779-2F2D-40FF-AB46-07F8C96E070C}
	EndGlobalSection
EndGlobal
